
Microsoft Visual Studio Solution File, Format Version 12.00
# Visual Studio Version 17
VisualStudioVersion = 17.14.36623.8 d17.14
MinimumVisualStudioVersion = 10.0.40219.1
Project("{FAE04EC0-301F-11D3-BF4B-00C04F79EFBC}") = "KF.Remoting.HuanYingSiYuan", "KF.CenterServer.Remoting\KF.Remoting.HuanYingSiYuan.csproj", "{113B3410-DB2D-481B-B47B-A4965E2238B0}"
EndProject
Project("{FAE04EC0-301F-11D3-BF4B-00C04F79EFBC}") = "KF.Server.Hosting", "KF.CenterServer.Hosting\KF.Server.Hosting.csproj", "{D84D7564-D459-4082-B4FB-7504939D1A3A}"
EndProject
Project("{FAE04EC0-301F-11D3-BF4B-00C04F79EFBC}") = "Tmsk.Contract", "Tmsk.Contract\Tmsk.Contract.csproj", "{79652BD8-F98D-30B9-007A-264317460ED3}"
EndProject
Global
	GlobalSection(SolutionConfigurationPlatforms) = preSolution
		Debug|Any CPU = Debug|Any CPU
		Release|Any CPU = Release|Any CPU
	EndGlobalSection
	GlobalSection(ProjectConfigurationPlatforms) = postSolution
		{113B3410-DB2D-481B-B47B-A4965E2238B0}.Debug|Any CPU.ActiveCfg = Debug|Any CPU
		{113B3410-DB2D-481B-B47B-A4965E2238B0}.Debug|Any CPU.Build.0 = Debug|Any CPU
		{113B3410-DB2D-481B-B47B-A4965E2238B0}.Release|Any CPU.ActiveCfg = Release|Any CPU
		{113B3410-DB2D-481B-B47B-A4965E2238B0}.Release|Any CPU.Build.0 = Release|Any CPU
		{D84D7564-D459-4082-B4FB-7504939D1A3A}.Debug|Any CPU.ActiveCfg = Debug|Any CPU
		{D84D7564-D459-4082-B4FB-7504939D1A3A}.Debug|Any CPU.Build.0 = Debug|Any CPU
		{D84D7564-D459-4082-B4FB-7504939D1A3A}.Release|Any CPU.ActiveCfg = Release|Any CPU
		{D84D7564-D459-4082-B4FB-7504939D1A3A}.Release|Any CPU.Build.0 = Release|Any CPU
		{79652BD8-F98D-30B9-007A-264317460ED3}.Debug|Any CPU.ActiveCfg = Debug|Any CPU
		{79652BD8-F98D-30B9-007A-264317460ED3}.Debug|Any CPU.Build.0 = Debug|Any CPU
		{79652BD8-F98D-30B9-007A-264317460ED3}.Release|Any CPU.ActiveCfg = Release|Any CPU
		{79652BD8-F98D-30B9-007A-264317460ED3}.Release|Any CPU.Build.0 = Release|Any CPU
	EndGlobalSection
	GlobalSection(SolutionProperties) = preSolution
		HideSolutionNode = FALSE
	EndGlobalSection
	GlobalSection(ExtensibilityGlobals) = postSolution
		SolutionGuid = {20175CFA-E379-4BC6-89CB-65277EB915BE}
	EndGlobalSection
EndGlobal
